
Microsoft Visual Studio Solution File, Format Version 12.00
Project("{2150E333-8FDC-42A3-9474-1A3956D46DE8}") = "src", "src", "{CD06B0C7-DC32-4490-A975-3DC287AF8D91}"
EndProject
Project("{2150E333-8FDC-42A3-9474-1A3956D46DE8}") = "Presentation", "Presentation", "{450D330F-A0A3-4678-9B9F-49AFC6E25B27}"
EndProject
Project("{2150E333-8FDC-42A3-9474-1A3956D46DE8}") = "Infrastructure", "Infrastructure", "{E55A52AD-8A44-49FB-8997-01A1CF6506B9}"
EndProject
Project("{2150E333-8FDC-42A3-9474-1A3956D46DE8}") = "Core", "Core", "{AD4B9CDD-C7CF-4E50-8273-CF4B0780BB7F}"
EndProject
Project("{2150E333-8FDC-42A3-9474-1A3956D46DE8}") = "Tests", "Tests", "{43135122-F608-4053-A6B1-BE0F4214434B}"
EndProject
Project("{2150E333-8FDC-42A3-9474-1A3956D46DE8}") = "UnitTests", "UnitTests", "{9FFE0FC6-C766-4C62-A44B-D57CCEA1BF14}"
EndProject
Project("{FAE04EC0-301F-11D3-BF4B-00C04F79EFBC}") = "Domain", "src\Core\Domain\Domain.csproj", "{5B882454-67EC-4443-A5B9-7F1CA7035A72}"
EndProject
Project("{FAE04EC0-301F-11D3-BF4B-00C04F79EFBC}") = "Application", "src\Core\Application\Application.csproj", "{6761C4CF-2AB6-4A2F-91CC-6C22451E864E}"
EndProject
Project("{FAE04EC0-301F-11D3-BF4B-00C04F79EFBC}") = "WebAPI", "src\Presentation\WebAPI\WebAPI.csproj", "{951560A9-12C8-4340-AE9C-437547D139C3}"
EndProject
Project("{FAE04EC0-301F-11D3-BF4B-00C04F79EFBC}") = "Infrastructure.Persistence", "src\Infrastructure\Infrastructure.Persistence\Infrastructure.Persistence.csproj", "{081C5219-DDEB-4102-9103-338B6427F1B8}"
EndProject
Project("{FAE04EC0-301F-11D3-BF4B-00C04F79EFBC}") = "Infrastructure.Identity", "src\Infrastructure\Infrastructure.Identity\Infrastructure.Identity.csproj", "{46C2439D-6F88-41E1-A26A-94EC33BE807D}"
EndProject
Project("{FAE04EC0-301F-11D3-BF4B-00C04F79EFBC}") = "Infrastructure.Shared", "src\Infrastructure\Infrastructure.Shared\Infrastructure.Shared.csproj", "{8CADD9F5-3EE1-4EFD-A511-93C1C03E796A}"
EndProject
Global
	GlobalSection(SolutionConfigurationPlatforms) = preSolution
		Debug|Any CPU = Debug|Any CPU
		Release|Any CPU = Release|Any CPU
	EndGlobalSection
	GlobalSection(NestedProjects) = preSolution
		{450D330F-A0A3-4678-9B9F-49AFC6E25B27} = {CD06B0C7-DC32-4490-A975-3DC287AF8D91}
		{E55A52AD-8A44-49FB-8997-01A1CF6506B9} = {CD06B0C7-DC32-4490-A975-3DC287AF8D91}
		{AD4B9CDD-C7CF-4E50-8273-CF4B0780BB7F} = {CD06B0C7-DC32-4490-A975-3DC287AF8D91}
		{9FFE0FC6-C766-4C62-A44B-D57CCEA1BF14} = {43135122-F608-4053-A6B1-BE0F4214434B}
		{5B882454-67EC-4443-A5B9-7F1CA7035A72} = {AD4B9CDD-C7CF-4E50-8273-CF4B0780BB7F}
		{6761C4CF-2AB6-4A2F-91CC-6C22451E864E} = {AD4B9CDD-C7CF-4E50-8273-CF4B0780BB7F}
		{951560A9-12C8-4340-AE9C-437547D139C3} = {450D330F-A0A3-4678-9B9F-49AFC6E25B27}
		{081C5219-DDEB-4102-9103-338B6427F1B8} = {E55A52AD-8A44-49FB-8997-01A1CF6506B9}
		{46C2439D-6F88-41E1-A26A-94EC33BE807D} = {E55A52AD-8A44-49FB-8997-01A1CF6506B9}
		{8CADD9F5-3EE1-4EFD-A511-93C1C03E796A} = {E55A52AD-8A44-49FB-8997-01A1CF6506B9}
	EndGlobalSection
	GlobalSection(ProjectConfigurationPlatforms) = postSolution
		{5B882454-67EC-4443-A5B9-7F1CA7035A72}.Debug|Any CPU.ActiveCfg = Debug|Any CPU
		{5B882454-67EC-4443-A5B9-7F1CA7035A72}.Debug|Any CPU.Build.0 = Debug|Any CPU
		{5B882454-67EC-4443-A5B9-7F1CA7035A72}.Release|Any CPU.ActiveCfg = Release|Any CPU
		{5B882454-67EC-4443-A5B9-7F1CA7035A72}.Release|Any CPU.Build.0 = Release|Any CPU
		{6761C4CF-2AB6-4A2F-91CC-6C22451E864E}.Debug|Any CPU.ActiveCfg = Debug|Any CPU
		{6761C4CF-2AB6-4A2F-91CC-6C22451E864E}.Debug|Any CPU.Build.0 = Debug|Any CPU
		{6761C4CF-2AB6-4A2F-91CC-6C22451E864E}.Release|Any CPU.ActiveCfg = Release|Any CPU
		{6761C4CF-2AB6-4A2F-91CC-6C22451E864E}.Release|Any CPU.Build.0 = Release|Any CPU
		{951560A9-12C8-4340-AE9C-437547D139C3}.Debug|Any CPU.ActiveCfg = Debug|Any CPU
		{951560A9-12C8-4340-AE9C-437547D139C3}.Debug|Any CPU.Build.0 = Debug|Any CPU
		{951560A9-12C8-4340-AE9C-437547D139C3}.Release|Any CPU.ActiveCfg = Release|Any CPU
		{951560A9-12C8-4340-AE9C-437547D139C3}.Release|Any CPU.Build.0 = Release|Any CPU
		{081C5219-DDEB-4102-9103-338B6427F1B8}.Debug|Any CPU.ActiveCfg = Debug|Any CPU
		{081C5219-DDEB-4102-9103-338B6427F1B8}.Debug|Any CPU.Build.0 = Debug|Any CPU
		{081C5219-DDEB-4102-9103-338B6427F1B8}.Release|Any CPU.ActiveCfg = Release|Any CPU
		{081C5219-DDEB-4102-9103-338B6427F1B8}.Release|Any CPU.Build.0 = Release|Any CPU
		{46C2439D-6F88-41E1-A26A-94EC33BE807D}.Debug|Any CPU.ActiveCfg = Debug|Any CPU
		{46C2439D-6F88-41E1-A26A-94EC33BE807D}.Debug|Any CPU.Build.0 = Debug|Any CPU
		{46C2439D-6F88-41E1-A26A-94EC33BE807D}.Release|Any CPU.ActiveCfg = Release|Any CPU
		{46C2439D-6F88-41E1-A26A-94EC33BE807D}.Release|Any CPU.Build.0 = Release|Any CPU
		{8CADD9F5-3EE1-4EFD-A511-93C1C03E796A}.Debug|Any CPU.ActiveCfg = Debug|Any CPU
		{8CADD9F5-3EE1-4EFD-A511-93C1C03E796A}.Debug|Any CPU.Build.0 = Debug|Any CPU
		{8CADD9F5-3EE1-4EFD-A511-93C1C03E796A}.Release|Any CPU.ActiveCfg = Release|Any CPU
		{8CADD9F5-3EE1-4EFD-A511-93C1C03E796A}.Release|Any CPU.Build.0 = Release|Any CPU
	EndGlobalSection
EndGlobal
